// !$*UTF8*$!
{
	archiveVersion = 1;
	classes = {
	};
	objectVersion = 56;
	objects = {

/* Begin PBXBuildFile section */
		D822F1C529498CD500F07260 /* help.swift in Sources */ = {isa = PBXBuildFile; fileRef = D822F1C429498CD500F07260 /* help.swift */; };
		D8C600E92943A4BF0048312B /* OpenWeatherAPIApp.swift in Sources */ = {isa = PBXBuildFile; fileRef = D8C600E82943A4BF0048312B /* OpenWeatherAPIApp.swift */; };
		D8C600EB2943A4BF0048312B /* ContentView.swift in Sources */ = {isa = PBXBuildFile; fileRef = D8C600EA2943A4BF0048312B /* ContentView.swift */; };
		D8C600ED2943A4C20048312B /* Assets.xcassets in Resources */ = {isa = PBXBuildFile; fileRef = D8C600EC2943A4C20048312B /* Assets.xcassets */; };
		D8C600F02943A4C20048312B /* Preview Assets.xcassets in Resources */ = {isa = PBXBuildFile; fileRef = D8C600EF2943A4C20048312B /* Preview Assets.xcassets */; };
		D8C600FA2943A5110048312B /* DataModel.swift in Sources */ = {isa = PBXBuildFile; fileRef = D8C600F92943A5110048312B /* DataModel.swift */; };
		D8C600FC2943A8CC0048312B /* WeatherViewModel.swift in Sources */ = {isa = PBXBuildFile; fileRef = D8C600FB2943A8CC0048312B /* WeatherViewModel.swift */; };
/* End PBXBuildFile section */

/* Begin PBXFileReference section */
		D822F1C429498CD500F07260 /* help.swift */ = {isa = PBXFileReference; lastKnownFileType = sourcecode.swift; path = help.swift; sourceTree = "<group>"; };
		D8C600E52943A4BF0048312B /* OpenWeatherAPI.app */ = {isa = PBXFileReference; explicitFileType = wrapper.application; includeInIndex = 0; path = OpenWeatherAPI.app; sourceTree = BUILT_PRODUCTS_DIR; };
		D8C600E82943A4BF0048312B /* OpenWeatherAPIApp.swift */ = {isa = PBXFileReference; lastKnownFileType = sourcecode.swift; path = OpenWeatherAPIApp.swift; sourceTree = "<group>"; };
		D8C600EA2943A4BF0048312B /* ContentView.swift */ = {isa = PBXFileReference; lastKnownFileType = sourcecode.swift; path = ContentView.swift; sourceTree = "<group>"; };
		D8C600EC2943A4C20048312B /* Assets.xcassets */ = {isa = PBXFileReference; lastKnownFileType = folder.assetcatalog; path = Assets.xcassets; sourceTree = "<group>"; };
		D8C600EF2943A4C20048312B /* Preview Assets.xcassets */ = {isa = PBXFileReference; lastKnownFileType = folder.assetcatalog; path = "Preview Assets.xcassets"; sourceTree = "<group>"; };
		D8C600F92943A5110048312B /* DataModel.swift */ = {isa = PBXFileReference; lastKnownFileType = sourcecode.swift; path = DataModel.swift; sourceTree = "<group>"; };
		D8C600FB2943A8CC0048312B /* WeatherViewModel.swift */ = {isa = PBXFileReference; lastKnownFileType = sourcecode.swift; path = WeatherViewModel.swift; sourceTree = "<group>"; };
/* End PBXFileReference section */

/* Begin PBXFrameworksBuildPhase section */
		D8C600E22943A4BF0048312B /* Frameworks */ = {
			isa = PBXFrameworksBuildPhase;
			buildActionMask = 2147483647;
			files = (
			);
			runOnlyForDeploymentPostprocessing = 0;
		};
/* End PBXFrameworksBuildPhase section */

/* Begin PBXGroup section */
		D822F1C329498CC300F07260 /* Constant */ = {
			isa = PBXGroup;
			children = (
				D822F1C429498CD500F07260 /* help.swift */,
			);
			path = Constant;
			sourceTree = "<group>";
		};
		D8C600DC2943A4BF0048312B = {
			isa = PBXGroup;
			children = (
				D8C600E72943A4BF0048312B /* OpenWeatherAPI */,
				D8C600E62943A4BF0048312B /* Products */,
			);
			sourceTree = "<group>";
		};
		D8C600E62943A4BF0048312B /* Products */ = {
			isa = PBXGroup;
			children = (
				D8C600E52943A4BF0048312B /* OpenWeatherAPI.app */,
			);
			name = Products;
			sourceTree = "<group>";
		};
		D8C600E72943A4BF0048312B /* OpenWeatherAPI */ = {
			isa = PBXGroup;
			children = (
				D822F1C329498CC300F07260 /* Constant */,
				D8C600E82943A4BF0048312B /* OpenWeatherAPIApp.swift */,
				D8C600F62943A4D00048312B /* View */,
				D8C600F72943A4D80048312B /* ViewModel */,
				D8C600F82943A4E30048312B /* Model */,
				D8C600EC2943A4C20048312B /* Assets.xcassets */,
				D8C600EE2943A4C20048312B /* Preview Content */,
			);
			path = OpenWeatherAPI;
			sourceTree = "<group>";
		};
		D8C600EE2943A4C20048312B /* Preview Content */ = {
			isa = PBXGroup;
			children = (
				D8C600EF2943A4C20048312B /* Preview Assets.xcassets */,
			);
			path = "Preview Content";
			sourceTree = "<group>";
		};
		D8C600F62943A4D00048312B /* View */ = {
			isa = PBXGroup;
			children = (
				D8C600EA2943A4BF0048312B /* ContentView.swift */,
			);
			path = View;
			sourceTree = "<group>";
		};
		D8C600F72943A4D80048312B /* ViewModel */ = {
			isa = PBXGroup;
			children = (
				D8C600FB2943A8CC0048312B /* WeatherViewModel.swift */,
			);
			path = ViewModel;
			sourceTree = "<group>";
		};
		D8C600F82943A4E30048312B /* Model */ = {
			isa = PBXGroup;
			children = (
				D8C600F92943A5110048312B /* DataModel.swift */,
			);
			path = Model;
			sourceTree = "<group>";
		};
/* End PBXGroup section */

/* Begin PBXNativeTarget section */
		D8C600E42943A4BF0048312B /* OpenWeatherAPI */ = {
			isa = PBXNativeTarget;
			buildConfigurationList = D8C600F32943A4C20048312B /* Build configuration list for PBXNativeTarget "OpenWeatherAPI" */;
			buildPhases = (
				D8C600E12943A4BF0048312B /* Sources */,
				D8C600E22943A4BF0048312B /* Frameworks */,
				D8C600E32943A4BF0048312B /* Resources */,
			);
			buildRules = (
			);
			dependencies = (
			);
			name = OpenWeatherAPI;
			productName = OpenWeatherAPI;
			productReference = D8C600E52943A4BF0048312B /* OpenWeatherAPI.app */;
			productType = "com.apple.product-type.application";
		};
/* End PBXNativeTarget section */

/* Begin PBXProject section */
		D8C600DD2943A4BF0048312B /* Project object */ = {
			isa = PBXProject;
			attributes = {
				BuildIndependentTargetsInParallel = 1;
				LastSwiftUpdateCheck = 1410;
				LastUpgradeCheck = 1410;
				TargetAttributes = {
					D8C600E42943A4BF0048312B = {
						CreatedOnToolsVersion = 14.1;
					};
				};
			};
			buildConfigurationList = D8C600E02943A4BF0048312B /* Build configuration list for PBXProject "OpenWeatherAPI" */;
			compatibilityVersion = "Xcode 14.0";
			developmentRegion = en;
			hasScannedForEncodings = 0;
			knownRegions = (
				en,
				Base,
			);
			mainGroup = D8C600DC2943A4BF0048312B;
			productRefGroup = D8C600E62943A4BF0048312B /* Products */;
			projectDirPath = "";
			projectRoot = "";
			targets = (
				D8C600E42943A4BF0048312B /* OpenWeatherAPI */,
			);
		};
/* End PBXProject section */

/* Begin PBXResourcesBuildPhase section */
		D8C600E32943A4BF0048312B /* Resources */ = {
			isa = PBXResourcesBuildPhase;
			buildActionMask = 2147483647;
			files = (
				D8C600F02943A4C20048312B /* Preview Assets.xcassets in Resources */,
				D8C600ED2943A4C20048312B /* Assets.xcassets in Resources */,
			);
			runOnlyForDeploymentPostprocessing = 0;
		};
/* End PBXResourcesBuildPhase section */

/* Begin PBXSourcesBuildPhase section */
		D8C600E12943A4BF0048312B /* Sources */ = {
			isa = PBXSourcesBuildPhase;
			buildActionMask = 2147483647;
			files = (
				D8C600EB2943A4BF0048312B /* ContentView.swift in Sources */,
				D8C600FC2943A8CC0048312B /* WeatherViewModel.swift in Sources */,
				D822F1C529498CD500F07260 /* help.swift in Sources */,
				D8C600E92943A4BF0048312B /* OpenWeatherAPIApp.swift in Sources */,
				D8C600FA2943A5110048312B /* DataModel.swift in Sources */,
			);
			runOnlyForDeploymentPostprocessing = 0;
		};
/* End PBXSourcesBuildPhase section */

/* Begin XCBuildConfiguration section */
		D8C600F12943A4C20048312B /* Debug */ = {
			isa = XCBuildConfiguration;
			buildSettings = {
				ALWAYS_SEARCH_USER_PATHS = NO;
				CLANG_ANALYZER_NONNULL = YES;
				CLANG_ANALYZER_NUMBER_OBJECT_CONVERSION = YES_AGGRESSIVE;
				CLANG_CXX_LANGUAGE_STANDARD = "gnu++20";
				CLANG_ENABLE_MODULES = YES;
				CLANG_ENABLE_OBJC_ARC = YES;
				CLANG_ENABLE_OBJC_WEAK = YES;
				CLANG_WARN_BLOCK_CAPTURE_AUTORELEASING = YES;
				CLANG_WARN_BOOL_CONVERSION = YES;
				CLANG_WARN_COMMA = YES;
				CLANG_WARN_CONSTANT_CONVERSION = YES;
				CLANG_WARN_DEPRECATED_OBJC_IMPLEMENTATIONS = YES;
				CLANG_WARN_DIRECT_OBJC_ISA_USAGE = YES_ERROR;
				CLANG_WARN_DOCUMENTATION_COMMENTS = YES;
				CLANG_WARN_EMPTY_BODY = YES;
				CLANG_WARN_ENUM_CONVERSION = YES;
				CLANG_WARN_INFINITE_RECURSION = YES;
				CLANG_WARN_INT_CONVERSION = YES;
				CLANG_WARN_NON_LITERAL_NULL_CONVERSION = YES;
				CLANG_WARN_OBJC_IMPLICIT_RETAIN_SELF = YES;
				CLANG_WARN_OBJC_LITERAL_CONVERSION = YES;
				CLANG_WARN_OBJC_ROOT_CLASS = YES_ERROR;
				CLANG_WARN_QUOTED_INCLUDE_IN_FRAMEWORK_HEADER = YES;
				CLANG_WARN_RANGE_LOOP_ANALYSIS = YES;
				CLANG_WARN_STRICT_PROTOTYPES = YES;
				CLANG_WARN_SUSPICIOUS_MOVE = YES;
				CLANG_WARN_UNGUARDED_AVAILABILITY = YES_AGGRESSIVE;
				CLANG_WARN_UNREACHABLE_CODE = YES;
				CLANG_WARN__DUPLICATE_METHOD_MATCH = YES;
				COPY_PHASE_STRIP = NO;
				DEBUG_INFORMATION_FORMAT = dwarf;
				ENABLE_STRICT_OBJC_MSGSEND = YES;
				ENABLE_TESTABILITY = YES;
				GCC_C_LANGUAGE_STANDARD = gnu11;
				GCC_DYNAMIC_NO_PIC = NO;
				GCC_NO_COMMON_BLOCKS = YES;
				GCC_OPTIMIZATION_LEVEL = 0;
				GCC_PREPROCESSOR_DEFINITIONS = (
					"DEBUG=1",
					"$(inherited)",
				);
				GCC_WARN_64_TO_32_BIT_CONVERSION = YES;
				GCC_WARN_ABOUT_RETURN_TYPE = YES_ERROR;
				GCC_WARN_UNDECLARED_SELECTOR = YES;
				GCC_WARN_UNINITIALIZED_AUTOS = YES_AGGRESSIVE;
				GCC_WARN_UNUSED_FUNCTION = YES;
				GCC_WARN_UNUSED_VARIABLE = YES;
				IPHONEOS_DEPLOYMENT_TARGET = 16.1;
				MTL_ENABLE_DEBUG_INFO = INCLUDE_SOURCE;
				MTL_FAST_MATH = YES;
				ONLY_ACTIVE_ARCH = YES;
				SDKROOT = iphoneos;
				SWIFT_ACTIVE_COMPILATION_CONDITIONS = DEBUG;
				SWIFT_OPTIMIZATION_LEVEL = "-Onone";
			};
			name = Debug;
		};
		D8C600F22943A4C20048312B /* Release */ = {
			isa = XCBuildConfiguration;
			buildSettings = {
				ALWAYS_SEARCH_USER_PATHS = NO;
				CLANG_ANALYZER_NONNULL = YES;
				CLANG_ANALYZER_NUMBER_OBJECT_CONVERSION = YES_AGGRESSIVE;
				CLANG_CXX_LANGUAGE_STANDARD = "gnu++20";
				CLANG_ENABLE_MODULES = YES;
				CLANG_ENABLE_OBJC_ARC = YES;
				CLANG_ENABLE_OBJC_WEAK = YES;
				CLANG_WARN_BLOCK_CAPTURE_AUTORELEASING = YES;
				CLANG_WARN_BOOL_CONVERSION = YES;
				CLANG_WARN_COMMA = YES;
				CLANG_WARN_CONSTANT_CONVERSION = YES;
				CLANG_WARN_DEPRECATED_OBJC_IMPLEMENTATIONS = YES;
				CLANG_WARN_DIRECT_OBJC_ISA_USAGE = YES_ERROR;
				CLANG_WARN_DOCUMENTATION_COMMENTS = YES;
				CLANG_WARN_EMPTY_BODY = YES;
				CLANG_WARN_ENUM_CONVERSION = YES;
				CLANG_WARN_INFINITE_RECURSION = YES;
				CLANG_WARN_INT_CONVERSION = YES;
				CLANG_WARN_NON_LITERAL_NULL_CONVERSION = YES;
				CLANG_WARN_OBJC_IMPLICIT_RETAIN_SELF = YES;
				CLANG_WARN_OBJC_LITERAL_CONVERSION = YES;
				CLANG_WARN_OBJC_ROOT_CLASS = YES_ERROR;
				CLANG_WARN_QUOTED_INCLUDE_IN_FRAMEWORK_HEADER = YES;
				CLANG_WARN_RANGE_LOOP_ANALYSIS = YES;
				CLANG_WARN_STRICT_PROTOTYPES = YES;
				CLANG_WARN_SUSPICIOUS_MOVE = YES;
				CLANG_WARN_UNGUARDED_AVAILABILITY = YES_AGGRESSIVE;
				CLANG_WARN_UNREACHABLE_CODE = YES;
				CLANG_WARN__DUPLICATE_METHOD_MATCH = YES;
				COPY_PHASE_STRIP = NO;
				DEBUG_INFORMATION_FORMAT = "dwarf-with-dsym";
				ENABLE_NS_ASSERTIONS = NO;
				ENABLE_STRICT_OBJC_MSGSEND = YES;
				GCC_C_LANGUAGE_STANDARD = gnu11;
				GCC_NO_COMMON_BLOCKS = YES;
				GCC_WARN_64_TO_32_BIT_CONVERSION = YES;
				GCC_WARN_ABOUT_RETURN_TYPE = YES_ERROR;
				GCC_WARN_UNDECLARED_SELECTOR = YES;
				GCC_WARN_UNINITIALIZED_AUTOS = YES_AGGRESSIVE;
				GCC_WARN_UNUSED_FUNCTION = YES;
				GCC_WARN_UNUSED_VARIABLE = YES;
				IPHONEOS_DEPLOYMENT_TARGET = 16.1;
				MTL_ENABLE_DEBUG_INFO = NO;
				MTL_FAST_MATH = YES;
				SDKROOT = iphoneos;
				SWIFT_COMPILATION_MODE = wholemodule;
				SWIFT_OPTIMIZATION_LEVEL = "-O";
				VALIDATE_PRODUCT = YES;
			};
			name = Release;
		};
		D8C600F42943A4C20048312B /* Debug */ = {
			isa = XCBuildConfiguration;
			buildSettings = {
				ASSETCATALOG_COMPILER_APPICON_NAME = AppIcon;
				ASSETCATALOG_COMPILER_GLOBAL_ACCENT_COLOR_NAME = AccentColor;
				CODE_SIGN_STYLE = Automatic;
				CURRENT_PROJECT_VERSION = 1;
				DEVELOPMENT_ASSET_PATHS = "\"OpenWeatherAPI/Preview Content\"";
				DEVELOPMENT_TEAM = UC6S995QQ3;
				ENABLE_PREVIEWS = YES;
				GENERATE_INFOPLIST_FILE = YES;
				INFOPLIST_KEY_UIApplicationSceneManifest_Generation = YES;
				INFOPLIST_KEY_UIApplicationSupportsIndirectInputEvents = YES;
				INFOPLIST_KEY_UILaunchScreen_Generation = YES;
				INFOPLIST_KEY_UISupportedInterfaceOrientations_iPad = "UIInterfaceOrientationPortrait UIInterfaceOrientationPortraitUpsideDown UIInterfaceOrientationLandscapeLeft UIInterfaceOrientationLandscapeRight";
				INFOPLIST_KEY_UISupportedInterfaceOrientations_iPhone = "UIInterfaceOrientationPortrait UIInterfaceOrientationLandscapeLeft UIInterfaceOrientationLandscapeRight";
				LD_RUNPATH_SEARCH_PATHS = (
					"$(inherited)",
					"@executable_path/Frameworks",
				);
				MARKETING_VERSION = 1.0;
				PRODUCT_BUNDLE_IDENTIFIER = "Jianan-Li.OpenWeatherAPI";
				PRODUCT_NAME = "$(TARGET_NAME)";
				SWIFT_EMIT_LOC_STRINGS = YES;
				SWIFT_VERSION = 5.0;
				TARGETED_DEVICE_FAMILY = "1,2";
			};
			name = Debug;
		};
		D8C600F52943A4C20048312B /* Release */ = {
			isa = XCBuildConfiguration;
			buildSettings = {
				ASSETCATALOG_COMPILER_APPICON_NAME = AppIcon;
				ASSETCATALOG_COMPILER_GLOBAL_ACCENT_COLOR_NAME = AccentColor;
				CODE_SIGN_STYLE = Automatic;
				CURRENT_PROJECT_VERSION = 1;
				DEVELOPMENT_ASSET_PATHS = "\"OpenWeatherAPI/Preview Content\"";
				DEVELOPMENT_TEAM = UC6S995QQ3;
				ENABLE_PREVIEWS = YES;
				GENERATE_INFOPLIST_FILE = YES;
				INFOPLIST_KEY_UIApplicationSceneManifest_Generation = YES;
				INFOPLIST_KEY_UIApplicationSupportsIndirectInputEvents = YES;
				INFOPLIST_KEY_UILaunchScreen_Generation = YES;
				INFOPLIST_KEY_UISupportedInterfaceOrientations_iPad = "UIInterfaceOrientationPortrait UIInterfaceOrientationPortraitUpsideDown UIInterfaceOrientationLandscapeLeft UIInterfaceOrientationLandscapeRight";
				INFOPLIST_KEY_UISupportedInterfaceOrientations_iPhone = "UIInterfaceOrientationPortrait UIInterfaceOrientationLandscapeLeft UIInterfaceOrientationLandscapeRight";
				LD_RUNPATH_SEARCH_PATHS = (
					"$(inherited)",
					"@executable_path/Frameworks",
				);
				MARKETING_VERSION = 1.0;
				PRODUCT_BUNDLE_IDENTIFIER = "Jianan-Li.OpenWeatherAPI";
				PRODUCT_NAME = "$(TARGET_NAME)";
				SWIFT_EMIT_LOC_STRINGS = YES;
				SWIFT_VERSION = 5.0;
				TARGETED_DEVICE_FAMILY = "1,2";
			};
			name = Release;
		};
/* End XCBuildConfiguration section */

/* Begin XCConfigurationList section */
		D8C600E02943A4BF0048312B /* Build configuration list for PBXProject "OpenWeatherAPI" */ = {
			isa = XCConfigurationList;
			buildConfigurations = (
				D8C600F12943A4C20048312B /* Debug */,
				D8C600F22943A4C20048312B /* Release */,
			);
			defaultConfigurationIsVisible = 0;
			defaultConfigurationName = Release;
		};
		D8C600F32943A4C20048312B /* Build configuration list for PBXNativeTarget "OpenWeatherAPI" */ = {
			isa = XCConfigurationList;
			buildConfigurations = (
				D8C600F42943A4C20048312B /* Debug */,
				D8C600F52943A4C20048312B /* Release */,
			);
			defaultConfigurationIsVisible = 0;
			defaultConfigurationName = Release;
		};
/* End XCConfigurationList section */
	};
	rootObject = D8C600DD2943A4BF0048312B /* Project object */;
}
